// !$*UTF8*$!
{
	archiveVersion = 1;
	classes = {
	};
	objectVersion = 77;
	objects = {

/* Begin PBXBuildFile section */
		D62C4DC92CBA451000394B45 /* SnapKit in Frameworks */ = {isa = PBXBuildFile; productRef = D62C4DC82CBA451000394B45 /* SnapKit */; };
		D62C4E462CC4262300394B45 /* UIStackView+.swift in Sources */ = {isa = PBXBuildFile; fileRef = D62C4E332CC4262300394B45 /* UIStackView+.swift */; };
		D62C4E472CC4262300394B45 /* UIView+.swift in Sources */ = {isa = PBXBuildFile; fileRef = D62C4E342CC4262300394B45 /* UIView+.swift */; };
		D62C4E482CC4262300394B45 /* UIView+Preview.swift in Sources */ = {isa = PBXBuildFile; fileRef = D62C4E362CC4262300394B45 /* UIView+Preview.swift */; };
		D62C4E492CC4262300394B45 /* UIViewController+Preview.swift in Sources */ = {isa = PBXBuildFile; fileRef = D62C4E372CC4262300394B45 /* UIViewController+Preview.swift */; };
		D62C4E4A2CC4262300394B45 /* AppHeaderView.swift in Sources */ = {isa = PBXBuildFile; fileRef = D62C4E3A2CC4262300394B45 /* AppHeaderView.swift */; };
		D62C4E4B2CC4262300394B45 /* DetailViewController.swift in Sources */ = {isa = PBXBuildFile; fileRef = D62C4E3B2CC4262300394B45 /* DetailViewController.swift */; };
		D62C4E4C2CC4262300394B45 /* NicknameDelegate.swift in Sources */ = {isa = PBXBuildFile; fileRef = D62C4E3C2CC4262300394B45 /* NicknameDelegate.swift */; };
		D62C4E4D2CC4262300394B45 /* ViewController.swift in Sources */ = {isa = PBXBuildFile; fileRef = D62C4E3D2CC4262300394B45 /* ViewController.swift */; };
		D62C4E4E2CC4262300394B45 /* AppDelegate.swift in Sources */ = {isa = PBXBuildFile; fileRef = D62C4E3F2CC4262300394B45 /* AppDelegate.swift */; };
		D62C4E4F2CC4262300394B45 /* SceneDelegate.swift in Sources */ = {isa = PBXBuildFile; fileRef = D62C4E442CC4262300394B45 /* SceneDelegate.swift */; };
		D62C4E502CC4262300394B45 /* Assets.xcassets in Resources */ = {isa = PBXBuildFile; fileRef = D62C4E402CC4262300394B45 /* Assets.xcassets */; };
		D62C4E522CC4262300394B45 /* LaunchScreen.storyboard in Resources */ = {isa = PBXBuildFile; fileRef = D62C4E432CC4262300394B45 /* LaunchScreen.storyboard */; };
		D62C4E572CC4298800394B45 /* AppRatingView.swift in Sources */ = {isa = PBXBuildFile; fileRef = D62C4E562CC4298800394B45 /* AppRatingView.swift */; };
		D62C4E5A2CC430D800394B45 /* RatingItemView.swift in Sources */ = {isa = PBXBuildFile; fileRef = D62C4E592CC430D800394B45 /* RatingItemView.swift */; };
		D6642F502CD3E6EE008218DA /* Banner.swift in Sources */ = {isa = PBXBuildFile; fileRef = D6642F4F2CD3E6EE008218DA /* Banner.swift */; };
		D6642F522CD3F152008218DA /* DownloadState.swift in Sources */ = {isa = PBXBuildFile; fileRef = D6642F512CD3F152008218DA /* DownloadState.swift */; };
		D6642F562CD3F69B008218DA /* Int+.swift in Sources */ = {isa = PBXBuildFile; fileRef = D6642F552CD3F69B008218DA /* Int+.swift */; };
		D6642F582CD3F830008218DA /* AppItem.swift in Sources */ = {isa = PBXBuildFile; fileRef = D6642F572CD3F830008218DA /* AppItem.swift */; };
		D6642F5C2CD40504008218DA /* AppItemCollectionViewCell.swift in Sources */ = {isa = PBXBuildFile; fileRef = D6642F5B2CD40504008218DA /* AppItemCollectionViewCell.swift */; };
		D6642F602CD41B44008218DA /* BannerCollectionViewCell.swift in Sources */ = {isa = PBXBuildFile; fileRef = D6642F5F2CD41B44008218DA /* BannerCollectionViewCell.swift */; };
		D66B115E2CC54BB00029E065 /* AppNewUpdateView.swift in Sources */ = {isa = PBXBuildFile; fileRef = D66B115D2CC54BB00029E065 /* AppNewUpdateView.swift */; };
		D66B11612CC576250029E065 /* AppPreviewView.swift in Sources */ = {isa = PBXBuildFile; fileRef = D66B11602CC576250029E065 /* AppPreviewView.swift */; };
		D66B11642CC582DA0029E065 /* AppInfoAndDeveloperView.swift in Sources */ = {isa = PBXBuildFile; fileRef = D66B11632CC582DA0029E065 /* AppInfoAndDeveloperView.swift */; };
		D66B11692CC5A0AE0029E065 /* AppMainViewController.swift in Sources */ = {isa = PBXBuildFile; fileRef = D66B11682CC5A0AE0029E065 /* AppMainViewController.swift */; };
		D66B116C2CC789A70029E065 /* UILabel+.swift in Sources */ = {isa = PBXBuildFile; fileRef = D66B116B2CC789A70029E065 /* UILabel+.swift */; };
		D66B116E2CC7BD0F0029E065 /* AppRatingAndReviewView.swift in Sources */ = {isa = PBXBuildFile; fileRef = D66B116D2CC7BD0F0029E065 /* AppRatingAndReviewView.swift */; };
		D66B11712CC7E8870029E065 /* AppReviewView.swift in Sources */ = {isa = PBXBuildFile; fileRef = D66B11702CC7E8870029E065 /* AppReviewView.swift */; };
		D66B11742CC7EBA90029E065 /* ReviewCardView.swift in Sources */ = {isa = PBXBuildFile; fileRef = D66B11732CC7EBA90029E065 /* ReviewCardView.swift */; };
		D66B11772CC7EED30029E065 /* Review.swift in Sources */ = {isa = PBXBuildFile; fileRef = D66B11762CC7EED30029E065 /* Review.swift */; };
		D66B11792CC7F6330029E065 /* Date.swift in Sources */ = {isa = PBXBuildFile; fileRef = D66B11782CC7F6330029E065 /* Date.swift */; };
		D66B117B2CC7F9400029E065 /* ToastView.swift in Sources */ = {isa = PBXBuildFile; fileRef = D66B117A2CC7F9400029E065 /* ToastView.swift */; };
		D66B117F2CC824820029E065 /* AppDetailViewController.swift in Sources */ = {isa = PBXBuildFile; fileRef = D66B117E2CC824820029E065 /* AppDetailViewController.swift */; };
/* End PBXBuildFile section */

/* Begin PBXContainerItemProxy section */
		D60B73922CB1019D00477372 /* PBXContainerItemProxy */ = {
			isa = PBXContainerItemProxy;
			containerPortal = D60B73732CB1019C00477372 /* Project object */;
			proxyType = 1;
			remoteGlobalIDString = D60B737A2CB1019C00477372;
			remoteInfo = "35-Seminar";
		};
		D60B739C2CB1019D00477372 /* PBXContainerItemProxy */ = {
			isa = PBXContainerItemProxy;
			containerPortal = D60B73732CB1019C00477372 /* Project object */;
			proxyType = 1;
			remoteGlobalIDString = D60B737A2CB1019C00477372;
			remoteInfo = "35-Seminar";
		};
/* End PBXContainerItemProxy section */

/* Begin PBXFileReference section */
		D60B737B2CB1019C00477372 /* 35-Seminar.app */ = {isa = PBXFileReference; explicitFileType = wrapper.application; includeInIndex = 0; path = "35-Seminar.app"; sourceTree = BUILT_PRODUCTS_DIR; };
		D60B73912CB1019D00477372 /* 35-SeminarTests.xctest */ = {isa = PBXFileReference; explicitFileType = wrapper.cfbundle; includeInIndex = 0; path = "35-SeminarTests.xctest"; sourceTree = BUILT_PRODUCTS_DIR; };
		D60B739B2CB1019D00477372 /* 35-SeminarUITests.xctest */ = {isa = PBXFileReference; explicitFileType = wrapper.cfbundle; includeInIndex = 0; path = "35-SeminarUITests.xctest"; sourceTree = BUILT_PRODUCTS_DIR; };
		D62C4E332CC4262300394B45 /* UIStackView+.swift */ = {isa = PBXFileReference; lastKnownFileType = sourcecode.swift; path = "UIStackView+.swift"; sourceTree = "<group>"; };
		D62C4E342CC4262300394B45 /* UIView+.swift */ = {isa = PBXFileReference; lastKnownFileType = sourcecode.swift; path = "UIView+.swift"; sourceTree = "<group>"; };
		D62C4E362CC4262300394B45 /* UIView+Preview.swift */ = {isa = PBXFileReference; lastKnownFileType = sourcecode.swift; path = "UIView+Preview.swift"; sourceTree = "<group>"; };
		D62C4E372CC4262300394B45 /* UIViewController+Preview.swift */ = {isa = PBXFileReference; lastKnownFileType = sourcecode.swift; path = "UIViewController+Preview.swift"; sourceTree = "<group>"; };
		D62C4E3A2CC4262300394B45 /* AppHeaderView.swift */ = {isa = PBXFileReference; lastKnownFileType = sourcecode.swift; path = AppHeaderView.swift; sourceTree = "<group>"; };
		D62C4E3B2CC4262300394B45 /* DetailViewController.swift */ = {isa = PBXFileReference; lastKnownFileType = sourcecode.swift; path = DetailViewController.swift; sourceTree = "<group>"; };
		D62C4E3C2CC4262300394B45 /* NicknameDelegate.swift */ = {isa = PBXFileReference; lastKnownFileType = sourcecode.swift; path = NicknameDelegate.swift; sourceTree = "<group>"; };
		D62C4E3D2CC4262300394B45 /* ViewController.swift */ = {isa = PBXFileReference; lastKnownFileType = sourcecode.swift; path = ViewController.swift; sourceTree = "<group>"; };
		D62C4E3F2CC4262300394B45 /* AppDelegate.swift */ = {isa = PBXFileReference; lastKnownFileType = sourcecode.swift; path = AppDelegate.swift; sourceTree = "<group>"; };
		D62C4E402CC4262300394B45 /* Assets.xcassets */ = {isa = PBXFileReference; lastKnownFileType = folder.assetcatalog; path = Assets.xcassets; sourceTree = "<group>"; };
		D62C4E412CC4262300394B45 /* Info.plist */ = {isa = PBXFileReference; lastKnownFileType = text.plist.xml; path = Info.plist; sourceTree = "<group>"; };
		D62C4E422CC4262300394B45 /* Base */ = {isa = PBXFileReference; lastKnownFileType = file.storyboard; name = Base; path = Base.lproj/LaunchScreen.storyboard; sourceTree = "<group>"; };
		D62C4E442CC4262300394B45 /* SceneDelegate.swift */ = {isa = PBXFileReference; lastKnownFileType = sourcecode.swift; path = SceneDelegate.swift; sourceTree = "<group>"; };
		D62C4E562CC4298800394B45 /* AppRatingView.swift */ = {isa = PBXFileReference; lastKnownFileType = sourcecode.swift; path = AppRatingView.swift; sourceTree = "<group>"; };
		D62C4E592CC430D800394B45 /* RatingItemView.swift */ = {isa = PBXFileReference; lastKnownFileType = sourcecode.swift; path = RatingItemView.swift; sourceTree = "<group>"; };
		D6642F4F2CD3E6EE008218DA /* Banner.swift */ = {isa = PBXFileReference; lastKnownFileType = sourcecode.swift; path = Banner.swift; sourceTree = "<group>"; };
		D6642F512CD3F152008218DA /* DownloadState.swift */ = {isa = PBXFileReference; lastKnownFileType = sourcecode.swift; path = DownloadState.swift; sourceTree = "<group>"; };
		D6642F552CD3F69B008218DA /* Int+.swift */ = {isa = PBXFileReference; lastKnownFileType = sourcecode.swift; path = "Int+.swift"; sourceTree = "<group>"; };
		D6642F572CD3F830008218DA /* AppItem.swift */ = {isa = PBXFileReference; lastKnownFileType = sourcecode.swift; path = AppItem.swift; sourceTree = "<group>"; };
		D6642F5B2CD40504008218DA /* AppItemCollectionViewCell.swift */ = {isa = PBXFileReference; lastKnownFileType = sourcecode.swift; path = AppItemCollectionViewCell.swift; sourceTree = "<group>"; };
		D6642F5F2CD41B44008218DA /* BannerCollectionViewCell.swift */ = {isa = PBXFileReference; lastKnownFileType = sourcecode.swift; path = BannerCollectionViewCell.swift; sourceTree = "<group>"; };
		D66B115D2CC54BB00029E065 /* AppNewUpdateView.swift */ = {isa = PBXFileReference; lastKnownFileType = sourcecode.swift; path = AppNewUpdateView.swift; sourceTree = "<group>"; };
		D66B11602CC576250029E065 /* AppPreviewView.swift */ = {isa = PBXFileReference; lastKnownFileType = sourcecode.swift; path = AppPreviewView.swift; sourceTree = "<group>"; };
		D66B11632CC582DA0029E065 /* AppInfoAndDeveloperView.swift */ = {isa = PBXFileReference; lastKnownFileType = sourcecode.swift; path = AppInfoAndDeveloperView.swift; sourceTree = "<group>"; };
		D66B11682CC5A0AE0029E065 /* AppMainViewController.swift */ = {isa = PBXFileReference; lastKnownFileType = sourcecode.swift; path = AppMainViewController.swift; sourceTree = "<group>"; };
		D66B116B2CC789A70029E065 /* UILabel+.swift */ = {isa = PBXFileReference; lastKnownFileType = sourcecode.swift; path = "UILabel+.swift"; sourceTree = "<group>"; };
		D66B116D2CC7BD0F0029E065 /* AppRatingAndReviewView.swift */ = {isa = PBXFileReference; lastKnownFileType = sourcecode.swift; path = AppRatingAndReviewView.swift; sourceTree = "<group>"; };
		D66B11702CC7E8870029E065 /* AppReviewView.swift */ = {isa = PBXFileReference; lastKnownFileType = sourcecode.swift; path = AppReviewView.swift; sourceTree = "<group>"; };
		D66B11732CC7EBA90029E065 /* ReviewCardView.swift */ = {isa = PBXFileReference; lastKnownFileType = sourcecode.swift; path = ReviewCardView.swift; sourceTree = "<group>"; };
		D66B11762CC7EED30029E065 /* Review.swift */ = {isa = PBXFileReference; lastKnownFileType = sourcecode.swift; path = Review.swift; sourceTree = "<group>"; };
		D66B11782CC7F6330029E065 /* Date.swift */ = {isa = PBXFileReference; lastKnownFileType = sourcecode.swift; path = Date.swift; sourceTree = "<group>"; };
		D66B117A2CC7F9400029E065 /* ToastView.swift */ = {isa = PBXFileReference; lastKnownFileType = sourcecode.swift; path = ToastView.swift; sourceTree = "<group>"; };
		D66B117E2CC824820029E065 /* AppDetailViewController.swift */ = {isa = PBXFileReference; lastKnownFileType = sourcecode.swift; path = AppDetailViewController.swift; sourceTree = "<group>"; };
/* End PBXFileReference section */

/* Begin PBXFileSystemSynchronizedRootGroup section */
		D60B73942CB1019D00477372 /* 35-SeminarTests */ = {
			isa = PBXFileSystemSynchronizedRootGroup;
			path = "35-SeminarTests";
			sourceTree = "<group>";
		};
		D60B739E2CB1019D00477372 /* 35-SeminarUITests */ = {
			isa = PBXFileSystemSynchronizedRootGroup;
			path = "35-SeminarUITests";
			sourceTree = "<group>";
		};
/* End PBXFileSystemSynchronizedRootGroup section */

/* Begin PBXFrameworksBuildPhase section */
		D60B73782CB1019C00477372 /* Frameworks */ = {
			isa = PBXFrameworksBuildPhase;
			buildActionMask = 2147483647;
			files = (
				D62C4DC92CBA451000394B45 /* SnapKit in Frameworks */,
			);
			runOnlyForDeploymentPostprocessing = 0;
		};
		D60B738E2CB1019D00477372 /* Frameworks */ = {
			isa = PBXFrameworksBuildPhase;
			buildActionMask = 2147483647;
			files = (
			);
			runOnlyForDeploymentPostprocessing = 0;
		};
		D60B73982CB1019D00477372 /* Frameworks */ = {
			isa = PBXFrameworksBuildPhase;
			buildActionMask = 2147483647;
			files = (
			);
			runOnlyForDeploymentPostprocessing = 0;
		};
/* End PBXFrameworksBuildPhase section */

/* Begin PBXGroup section */
		D60B73722CB1019C00477372 = {
			isa = PBXGroup;
			children = (
				D62C4E452CC4262300394B45 /* 35-Seminar */,
				D60B73942CB1019D00477372 /* 35-SeminarTests */,
				D60B739E2CB1019D00477372 /* 35-SeminarUITests */,
				D60B737C2CB1019C00477372 /* Products */,
			);
			sourceTree = "<group>";
		};
		D60B737C2CB1019C00477372 /* Products */ = {
			isa = PBXGroup;
			children = (
				D60B737B2CB1019C00477372 /* 35-Seminar.app */,
				D60B73912CB1019D00477372 /* 35-SeminarTests.xctest */,
				D60B739B2CB1019D00477372 /* 35-SeminarUITests.xctest */,
			);
			name = Products;
			sourceTree = "<group>";
		};
		D62C4E352CC4262300394B45 /* Extensions */ = {
			isa = PBXGroup;
			children = (
				D62C4E332CC4262300394B45 /* UIStackView+.swift */,
				D62C4E342CC4262300394B45 /* UIView+.swift */,
				D66B116B2CC789A70029E065 /* UILabel+.swift */,
				D66B11782CC7F6330029E065 /* Date.swift */,
				D6642F552CD3F69B008218DA /* Int+.swift */,
			);
			path = Extensions;
			sourceTree = "<group>";
		};
		D62C4E382CC4262300394B45 /* Preview */ = {
			isa = PBXGroup;
			children = (
				D62C4E362CC4262300394B45 /* UIView+Preview.swift */,
				D62C4E372CC4262300394B45 /* UIViewController+Preview.swift */,
			);
			path = Preview;
			sourceTree = "<group>";
		};
		D62C4E392CC4262300394B45 /* Util */ = {
			isa = PBXGroup;
			children = (
				D62C4E382CC4262300394B45 /* Preview */,
				D62C4E352CC4262300394B45 /* Extensions */,
			);
			path = Util;
			sourceTree = "<group>";
		};
		D62C4E3E2CC4262300394B45 /* Presentation */ = {
			isa = PBXGroup;
			children = (
				D6642F592CD40472008218DA /* AppStore */,
				D6642F4E2CD3B223008218DA /* TossDetail */,
				D62C4E542CC4267B00394B45 /* week1 */,
			);
			path = Presentation;
			sourceTree = "<group>";
		};
		D62C4E452CC4262300394B45 /* 35-Seminar */ = {
			isa = PBXGroup;
			children = (
				D62C4E532CC4262F00394B45 /* Application */,
				D66B11752CC7EEB20029E065 /* Entity */,
				D62C4E392CC4262300394B45 /* Util */,
				D62C4E3E2CC4262300394B45 /* Presentation */,
				D62C4E552CC426AB00394B45 /* Resources */,
				D62C4E412CC4262300394B45 /* Info.plist */,
			);
			path = "35-Seminar";
			sourceTree = "<group>";
		};
		D62C4E532CC4262F00394B45 /* Application */ = {
			isa = PBXGroup;
			children = (
				D62C4E3F2CC4262300394B45 /* AppDelegate.swift */,
				D62C4E442CC4262300394B45 /* SceneDelegate.swift */,
			);
			path = Application;
			sourceTree = "<group>";
		};
		D62C4E542CC4267B00394B45 /* week1 */ = {
			isa = PBXGroup;
			children = (
				D62C4E3B2CC4262300394B45 /* DetailViewController.swift */,
				D62C4E3C2CC4262300394B45 /* NicknameDelegate.swift */,
				D62C4E3D2CC4262300394B45 /* ViewController.swift */,
			);
			path = week1;
			sourceTree = "<group>";
		};
		D62C4E552CC426AB00394B45 /* Resources */ = {
			isa = PBXGroup;
			children = (
				D62C4E402CC4262300394B45 /* Assets.xcassets */,
				D62C4E432CC4262300394B45 /* LaunchScreen.storyboard */,
			);
			path = Resources;
			sourceTree = "<group>";
		};
		D6642F4E2CD3B223008218DA /* TossDetail */ = {
			isa = PBXGroup;
			children = (
				D66B116A2CC5A0E60029E065 /* ViewControllers */,
				D66B11592CC52C9F0029E065 /* Views */,
			);
			path = TossDetail;
			sourceTree = "<group>";
		};
		D6642F592CD40472008218DA /* AppStore */ = {
			isa = PBXGroup;
			children = (
				D6642F5A2CD4047F008218DA /* Cells */,
			);
			path = AppStore;
			sourceTree = "<group>";
		};
		D6642F5A2CD4047F008218DA /* Cells */ = {
			isa = PBXGroup;
			children = (
				D6642F5B2CD40504008218DA /* AppItemCollectionViewCell.swift */,
				D6642F5F2CD41B44008218DA /* BannerCollectionViewCell.swift */,
			);
			path = Cells;
			sourceTree = "<group>";
		};
		D66B11592CC52C9F0029E065 /* Views */ = {
			isa = PBXGroup;
			children = (
				D66B115C2CC5471A0029E065 /* Header */,
				D66B115B2CC52CCD0029E065 /* Rating */,
				D66B115F2CC54BB40029E065 /* NewUpdate */,
				D66B11622CC576520029E065 /* Preview */,
				D66B11672CC58C0B0029E065 /* InfoAndDeveloper */,
				D66B116F2CC7BDBD0029E065 /* RatingAndReview */,
				D66B11722CC7E88D0029E065 /* Review */,
			);
			path = Views;
			sourceTree = "<group>";
		};
		D66B115B2CC52CCD0029E065 /* Rating */ = {
			isa = PBXGroup;
			children = (
				D62C4E592CC430D800394B45 /* RatingItemView.swift */,
				D62C4E562CC4298800394B45 /* AppRatingView.swift */,
			);
			path = Rating;
			sourceTree = "<group>";
		};
		D66B115C2CC5471A0029E065 /* Header */ = {
			isa = PBXGroup;
			children = (
				D62C4E3A2CC4262300394B45 /* AppHeaderView.swift */,
			);
			path = Header;
			sourceTree = "<group>";
		};
		D66B115F2CC54BB40029E065 /* NewUpdate */ = {
			isa = PBXGroup;
			children = (
				D66B115D2CC54BB00029E065 /* AppNewUpdateView.swift */,
			);
			path = NewUpdate;
			sourceTree = "<group>";
		};
		D66B11622CC576520029E065 /* Preview */ = {
			isa = PBXGroup;
			children = (
				D66B11602CC576250029E065 /* AppPreviewView.swift */,
			);
			path = Preview;
			sourceTree = "<group>";
		};
		D66B11672CC58C0B0029E065 /* InfoAndDeveloper */ = {
			isa = PBXGroup;
			children = (
				D66B11632CC582DA0029E065 /* AppInfoAndDeveloperView.swift */,
			);
			path = InfoAndDeveloper;
			sourceTree = "<group>";
		};
		D66B116A2CC5A0E60029E065 /* ViewControllers */ = {
			isa = PBXGroup;
			children = (
				D66B11682CC5A0AE0029E065 /* AppMainViewController.swift */,
				D66B117E2CC824820029E065 /* AppDetailViewController.swift */,
			);
			path = ViewControllers;
			sourceTree = "<group>";
		};
		D66B116F2CC7BDBD0029E065 /* RatingAndReview */ = {
			isa = PBXGroup;
			children = (
				D66B116D2CC7BD0F0029E065 /* AppRatingAndReviewView.swift */,
			);
			path = RatingAndReview;
			sourceTree = "<group>";
		};
		D66B11722CC7E88D0029E065 /* Review */ = {
			isa = PBXGroup;
			children = (
				D66B11732CC7EBA90029E065 /* ReviewCardView.swift */,
				D66B117A2CC7F9400029E065 /* ToastView.swift */,
				D66B11702CC7E8870029E065 /* AppReviewView.swift */,
			);
			path = Review;
			sourceTree = "<group>";
		};
		D66B11752CC7EEB20029E065 /* Entity */ = {
			isa = PBXGroup;
			children = (
				D66B11762CC7EED30029E065 /* Review.swift */,
				D6642F512CD3F152008218DA /* DownloadState.swift */,
				D6642F4F2CD3E6EE008218DA /* Banner.swift */,
				D6642F572CD3F830008218DA /* AppItem.swift */,
			);
			path = Entity;
			sourceTree = "<group>";
		};
/* End PBXGroup section */

/* Begin PBXNativeTarget section */
		D60B737A2CB1019C00477372 /* 35-Seminar */ = {
			isa = PBXNativeTarget;
			buildConfigurationList = D60B73A42CB1019D00477372 /* Build configuration list for PBXNativeTarget "35-Seminar" */;
			buildPhases = (
				D60B73772CB1019C00477372 /* Sources */,
				D60B73782CB1019C00477372 /* Frameworks */,
				D60B73792CB1019C00477372 /* Resources */,
			);
			buildRules = (
			);
			dependencies = (
			);
			name = "35-Seminar";
			packageProductDependencies = (
				D62C4DC82CBA451000394B45 /* SnapKit */,
			);
			productName = "35-Seminar";
			productReference = D60B737B2CB1019C00477372 /* 35-Seminar.app */;
			productType = "com.apple.product-type.application";
		};
		D60B73902CB1019D00477372 /* 35-SeminarTests */ = {
			isa = PBXNativeTarget;
			buildConfigurationList = D60B73A92CB1019D00477372 /* Build configuration list for PBXNativeTarget "35-SeminarTests" */;
			buildPhases = (
				D60B738D2CB1019D00477372 /* Sources */,
				D60B738E2CB1019D00477372 /* Frameworks */,
				D60B738F2CB1019D00477372 /* Resources */,
			);
			buildRules = (
			);
			dependencies = (
				D60B73932CB1019D00477372 /* PBXTargetDependency */,
			);
			fileSystemSynchronizedGroups = (
				D60B73942CB1019D00477372 /* 35-SeminarTests */,
			);
			name = "35-SeminarTests";
			packageProductDependencies = (
			);
			productName = "35-SeminarTests";
			productReference = D60B73912CB1019D00477372 /* 35-SeminarTests.xctest */;
			productType = "com.apple.product-type.bundle.unit-test";
		};
		D60B739A2CB1019D00477372 /* 35-SeminarUITests */ = {
			isa = PBXNativeTarget;
			buildConfigurationList = D60B73AC2CB1019D00477372 /* Build configuration list for PBXNativeTarget "35-SeminarUITests" */;
			buildPhases = (
				D60B73972CB1019D00477372 /* Sources */,
				D60B73982CB1019D00477372 /* Frameworks */,
				D60B73992CB1019D00477372 /* Resources */,
			);
			buildRules = (
			);
			dependencies = (
				D60B739D2CB1019D00477372 /* PBXTargetDependency */,
			);
			fileSystemSynchronizedGroups = (
				D60B739E2CB1019D00477372 /* 35-SeminarUITests */,
			);
			name = "35-SeminarUITests";
			packageProductDependencies = (
			);
			productName = "35-SeminarUITests";
			productReference = D60B739B2CB1019D00477372 /* 35-SeminarUITests.xctest */;
			productType = "com.apple.product-type.bundle.ui-testing";
		};
/* End PBXNativeTarget section */

/* Begin PBXProject section */
		D60B73732CB1019C00477372 /* Project object */ = {
			isa = PBXProject;
			attributes = {
				BuildIndependentTargetsInParallel = 1;
				LastSwiftUpdateCheck = 1600;
				LastUpgradeCheck = 1600;
				TargetAttributes = {
					D60B737A2CB1019C00477372 = {
						CreatedOnToolsVersion = 16.0;
					};
					D60B73902CB1019D00477372 = {
						CreatedOnToolsVersion = 16.0;
						TestTargetID = D60B737A2CB1019C00477372;
					};
					D60B739A2CB1019D00477372 = {
						CreatedOnToolsVersion = 16.0;
						TestTargetID = D60B737A2CB1019C00477372;
					};
				};
			};
			buildConfigurationList = D60B73762CB1019C00477372 /* Build configuration list for PBXProject "35-Seminar" */;
			developmentRegion = en;
			hasScannedForEncodings = 0;
			knownRegions = (
				en,
				Base,
			);
			mainGroup = D60B73722CB1019C00477372;
			minimizedProjectReferenceProxies = 1;
			packageReferences = (
				D62C4DC72CBA451000394B45 /* XCRemoteSwiftPackageReference "SnapKit" */,
			);
			preferredProjectObjectVersion = 77;
			productRefGroup = D60B737C2CB1019C00477372 /* Products */;
			projectDirPath = "";
			projectRoot = "";
			targets = (
				D60B737A2CB1019C00477372 /* 35-Seminar */,
				D60B73902CB1019D00477372 /* 35-SeminarTests */,
				D60B739A2CB1019D00477372 /* 35-SeminarUITests */,
			);
		};
/* End PBXProject section */

/* Begin PBXResourcesBuildPhase section */
		D60B73792CB1019C00477372 /* Resources */ = {
			isa = PBXResourcesBuildPhase;
			buildActionMask = 2147483647;
			files = (
				D62C4E502CC4262300394B45 /* Assets.xcassets in Resources */,
				D62C4E522CC4262300394B45 /* LaunchScreen.storyboard in Resources */,
			);
			runOnlyForDeploymentPostprocessing = 0;
		};
		D60B738F2CB1019D00477372 /* Resources */ = {
			isa = PBXResourcesBuildPhase;
			buildActionMask = 2147483647;
			files = (
			);
			runOnlyForDeploymentPostprocessing = 0;
		};
		D60B73992CB1019D00477372 /* Resources */ = {
			isa = PBXResourcesBuildPhase;
			buildActionMask = 2147483647;
			files = (
			);
			runOnlyForDeploymentPostprocessing = 0;
		};
/* End PBXResourcesBuildPhase section */

/* Begin PBXSourcesBuildPhase section */
		D60B73772CB1019C00477372 /* Sources */ = {
			isa = PBXSourcesBuildPhase;
			buildActionMask = 2147483647;
			files = (
				D62C4E462CC4262300394B45 /* UIStackView+.swift in Sources */,
				D6642F522CD3F152008218DA /* DownloadState.swift in Sources */,
				D62C4E472CC4262300394B45 /* UIView+.swift in Sources */,
				D66B11772CC7EED30029E065 /* Review.swift in Sources */,
				D66B117F2CC824820029E065 /* AppDetailViewController.swift in Sources */,
				D6642F562CD3F69B008218DA /* Int+.swift in Sources */,
				D66B11742CC7EBA90029E065 /* ReviewCardView.swift in Sources */,
				D62C4E5A2CC430D800394B45 /* RatingItemView.swift in Sources */,
				D66B117B2CC7F9400029E065 /* ToastView.swift in Sources */,
				D62C4E482CC4262300394B45 /* UIView+Preview.swift in Sources */,
				D62C4E492CC4262300394B45 /* UIViewController+Preview.swift in Sources */,
				D66B115E2CC54BB00029E065 /* AppNewUpdateView.swift in Sources */,
				D66B116C2CC789A70029E065 /* UILabel+.swift in Sources */,
				D66B11692CC5A0AE0029E065 /* AppMainViewController.swift in Sources */,
				D62C4E572CC4298800394B45 /* AppRatingView.swift in Sources */,
				D62C4E4A2CC4262300394B45 /* AppHeaderView.swift in Sources */,
				D6642F582CD3F830008218DA /* AppItem.swift in Sources */,
				D62C4E4B2CC4262300394B45 /* DetailViewController.swift in Sources */,
				D6642F602CD41B44008218DA /* BannerCollectionViewCell.swift in Sources */,
				D62C4E4C2CC4262300394B45 /* NicknameDelegate.swift in Sources */,
				D66B116E2CC7BD0F0029E065 /* AppRatingAndReviewView.swift in Sources */,
				D6642F5C2CD40504008218DA /* AppItemCollectionViewCell.swift in Sources */,
				D66B11712CC7E8870029E065 /* AppReviewView.swift in Sources */,
				D62C4E4D2CC4262300394B45 /* ViewController.swift in Sources */,
				D62C4E4E2CC4262300394B45 /* AppDelegate.swift in Sources */,
				D62C4E4F2CC4262300394B45 /* SceneDelegate.swift in Sources */,
				D66B11792CC7F6330029E065 /* Date.swift in Sources */,
				D6642F502CD3E6EE008218DA /* Banner.swift in Sources */,
				D66B11612CC576250029E065 /* AppPreviewView.swift in Sources */,
				D66B11642CC582DA0029E065 /* AppInfoAndDeveloperView.swift in Sources */,
			);
			runOnlyForDeploymentPostprocessing = 0;
		};
		D60B738D2CB1019D00477372 /* Sources */ = {
			isa = PBXSourcesBuildPhase;
			buildActionMask = 2147483647;
			files = (
			);
			runOnlyForDeploymentPostprocessing = 0;
		};
		D60B73972CB1019D00477372 /* Sources */ = {
			isa = PBXSourcesBuildPhase;
			buildActionMask = 2147483647;
			files = (
			);
			runOnlyForDeploymentPostprocessing = 0;
		};
/* End PBXSourcesBuildPhase section */

/* Begin PBXTargetDependency section */
		D60B73932CB1019D00477372 /* PBXTargetDependency */ = {
			isa = PBXTargetDependency;
			target = D60B737A2CB1019C00477372 /* 35-Seminar */;
			targetProxy = D60B73922CB1019D00477372 /* PBXContainerItemProxy */;
		};
		D60B739D2CB1019D00477372 /* PBXTargetDependency */ = {
			isa = PBXTargetDependency;
			target = D60B737A2CB1019C00477372 /* 35-Seminar */;
			targetProxy = D60B739C2CB1019D00477372 /* PBXContainerItemProxy */;
		};
/* End PBXTargetDependency section */

/* Begin PBXVariantGroup section */
		D62C4E432CC4262300394B45 /* LaunchScreen.storyboard */ = {
			isa = PBXVariantGroup;
			children = (
				D62C4E422CC4262300394B45 /* Base */,
			);
			name = LaunchScreen.storyboard;
			sourceTree = "<group>";
		};
/* End PBXVariantGroup section */

/* Begin XCBuildConfiguration section */
		D60B73A52CB1019D00477372 /* Debug */ = {
			isa = XCBuildConfiguration;
			buildSettings = {
				ASSETCATALOG_COMPILER_APPICON_NAME = AppIcon;
				ASSETCATALOG_COMPILER_GLOBAL_ACCENT_COLOR_NAME = AccentColor;
				CODE_SIGN_STYLE = Automatic;
				CURRENT_PROJECT_VERSION = 1;
				GENERATE_INFOPLIST_FILE = YES;
				INFOPLIST_FILE = "35-Seminar/Info.plist";
				INFOPLIST_KEY_UIApplicationSupportsIndirectInputEvents = YES;
				INFOPLIST_KEY_UILaunchStoryboardName = LaunchScreen;
				INFOPLIST_KEY_UISupportedInterfaceOrientations_iPad = "UIInterfaceOrientationPortrait UIInterfaceOrientationPortraitUpsideDown UIInterfaceOrientationLandscapeLeft UIInterfaceOrientationLandscapeRight";
				INFOPLIST_KEY_UISupportedInterfaceOrientations_iPhone = "UIInterfaceOrientationPortrait UIInterfaceOrientationLandscapeLeft UIInterfaceOrientationLandscapeRight";
				LD_RUNPATH_SEARCH_PATHS = (
					"$(inherited)",
					"@executable_path/Frameworks",
				);
				MARKETING_VERSION = 1.0;
				PRODUCT_BUNDLE_IDENTIFIER = "com.joho2022.-5-Seminar";
				PRODUCT_NAME = "$(TARGET_NAME)";
				SWIFT_EMIT_LOC_STRINGS = YES;
				SWIFT_VERSION = 5.0;
				TARGETED_DEVICE_FAMILY = "1,2";
			};
			name = Debug;
		};
		D60B73A62CB1019D00477372 /* Release */ = {
			isa = XCBuildConfiguration;
			buildSettings = {
				ASSETCATALOG_COMPILER_APPICON_NAME = AppIcon;
				ASSETCATALOG_COMPILER_GLOBAL_ACCENT_COLOR_NAME = AccentColor;
				CODE_SIGN_STYLE = Automatic;
				CURRENT_PROJECT_VERSION = 1;
				GENERATE_INFOPLIST_FILE = YES;
				INFOPLIST_FILE = "35-Seminar/Info.plist";
				INFOPLIST_KEY_UIApplicationSupportsIndirectInputEvents = YES;
				INFOPLIST_KEY_UILaunchStoryboardName = LaunchScreen;
				INFOPLIST_KEY_UISupportedInterfaceOrientations_iPad = "UIInterfaceOrientationPortrait UIInterfaceOrientationPortraitUpsideDown UIInterfaceOrientationLandscapeLeft UIInterfaceOrientationLandscapeRight";
				INFOPLIST_KEY_UISupportedInterfaceOrientations_iPhone = "UIInterfaceOrientationPortrait UIInterfaceOrientationLandscapeLeft UIInterfaceOrientationLandscapeRight";
				LD_RUNPATH_SEARCH_PATHS = (
					"$(inherited)",
					"@executable_path/Frameworks",
				);
				MARKETING_VERSION = 1.0;
				PRODUCT_BUNDLE_IDENTIFIER = "com.joho2022.-5-Seminar";
				PRODUCT_NAME = "$(TARGET_NAME)";
				SWIFT_EMIT_LOC_STRINGS = YES;
				SWIFT_VERSION = 5.0;
				TARGETED_DEVICE_FAMILY = "1,2";
			};
			name = Release;
		};
		D60B73A72CB1019D00477372 /* Debug */ = {
			isa = XCBuildConfiguration;
			buildSettings = {
				ALWAYS_SEARCH_USER_PATHS = NO;
				ASSETCATALOG_COMPILER_GENERATE_SWIFT_ASSET_SYMBOL_EXTENSIONS = YES;
				CLANG_ANALYZER_NONNULL = YES;
				CLANG_ANALYZER_NUMBER_OBJECT_CONVERSION = YES_AGGRESSIVE;
				CLANG_CXX_LANGUAGE_STANDARD = "gnu++20";
				CLANG_ENABLE_MODULES = YES;
				CLANG_ENABLE_OBJC_ARC = YES;
				CLANG_ENABLE_OBJC_WEAK = YES;
				CLANG_WARN_BLOCK_CAPTURE_AUTORELEASING = YES;
				CLANG_WARN_BOOL_CONVERSION = YES;
				CLANG_WARN_COMMA = YES;
				CLANG_WARN_CONSTANT_CONVERSION = YES;
				CLANG_WARN_DEPRECATED_OBJC_IMPLEMENTATIONS = YES;
				CLANG_WARN_DIRECT_OBJC_ISA_USAGE = YES_ERROR;
				CLANG_WARN_DOCUMENTATION_COMMENTS = YES;
				CLANG_WARN_EMPTY_BODY = YES;
				CLANG_WARN_ENUM_CONVERSION = YES;
				CLANG_WARN_INFINITE_RECURSION = YES;
				CLANG_WARN_INT_CONVERSION = YES;
				CLANG_WARN_NON_LITERAL_NULL_CONVERSION = YES;
				CLANG_WARN_OBJC_IMPLICIT_RETAIN_SELF = YES;
				CLANG_WARN_OBJC_LITERAL_CONVERSION = YES;
				CLANG_WARN_OBJC_ROOT_CLASS = YES_ERROR;
				CLANG_WARN_QUOTED_INCLUDE_IN_FRAMEWORK_HEADER = YES;
				CLANG_WARN_RANGE_LOOP_ANALYSIS = YES;
				CLANG_WARN_STRICT_PROTOTYPES = YES;
				CLANG_WARN_SUSPICIOUS_MOVE = YES;
				CLANG_WARN_UNGUARDED_AVAILABILITY = YES_AGGRESSIVE;
				CLANG_WARN_UNREACHABLE_CODE = YES;
				CLANG_WARN__DUPLICATE_METHOD_MATCH = YES;
				COPY_PHASE_STRIP = NO;
				DEBUG_INFORMATION_FORMAT = dwarf;
				ENABLE_STRICT_OBJC_MSGSEND = YES;
				ENABLE_TESTABILITY = YES;
				ENABLE_USER_SCRIPT_SANDBOXING = YES;
				GCC_C_LANGUAGE_STANDARD = gnu17;
				GCC_DYNAMIC_NO_PIC = NO;
				GCC_NO_COMMON_BLOCKS = YES;
				GCC_OPTIMIZATION_LEVEL = 0;
				GCC_PREPROCESSOR_DEFINITIONS = (
					"DEBUG=1",
					"$(inherited)",
				);
				GCC_WARN_64_TO_32_BIT_CONVERSION = YES;
				GCC_WARN_ABOUT_RETURN_TYPE = YES_ERROR;
				GCC_WARN_UNDECLARED_SELECTOR = YES;
				GCC_WARN_UNINITIALIZED_AUTOS = YES_AGGRESSIVE;
				GCC_WARN_UNUSED_FUNCTION = YES;
				GCC_WARN_UNUSED_VARIABLE = YES;
				IPHONEOS_DEPLOYMENT_TARGET = 18.0;
				LOCALIZATION_PREFERS_STRING_CATALOGS = YES;
				MTL_ENABLE_DEBUG_INFO = INCLUDE_SOURCE;
				MTL_FAST_MATH = YES;
				ONLY_ACTIVE_ARCH = YES;
				SDKROOT = iphoneos;
				SWIFT_ACTIVE_COMPILATION_CONDITIONS = "DEBUG $(inherited)";
				SWIFT_OPTIMIZATION_LEVEL = "-Onone";
			};
			name = Debug;
		};
		D60B73A82CB1019D00477372 /* Release */ = {
			isa = XCBuildConfiguration;
			buildSettings = {
				ALWAYS_SEARCH_USER_PATHS = NO;
				ASSETCATALOG_COMPILER_GENERATE_SWIFT_ASSET_SYMBOL_EXTENSIONS = YES;
				CLANG_ANALYZER_NONNULL = YES;
				CLANG_ANALYZER_NUMBER_OBJECT_CONVERSION = YES_AGGRESSIVE;
				CLANG_CXX_LANGUAGE_STANDARD = "gnu++20";
				CLANG_ENABLE_MODULES = YES;
				CLANG_ENABLE_OBJC_ARC = YES;
				CLANG_ENABLE_OBJC_WEAK = YES;
				CLANG_WARN_BLOCK_CAPTURE_AUTORELEASING = YES;
				CLANG_WARN_BOOL_CONVERSION = YES;
				CLANG_WARN_COMMA = YES;
				CLANG_WARN_CONSTANT_CONVERSION = YES;
				CLANG_WARN_DEPRECATED_OBJC_IMPLEMENTATIONS = YES;
				CLANG_WARN_DIRECT_OBJC_ISA_USAGE = YES_ERROR;
				CLANG_WARN_DOCUMENTATION_COMMENTS = YES;
				CLANG_WARN_EMPTY_BODY = YES;
				CLANG_WARN_ENUM_CONVERSION = YES;
				CLANG_WARN_INFINITE_RECURSION = YES;
				CLANG_WARN_INT_CONVERSION = YES;
				CLANG_WARN_NON_LITERAL_NULL_CONVERSION = YES;
				CLANG_WARN_OBJC_IMPLICIT_RETAIN_SELF = YES;
				CLANG_WARN_OBJC_LITERAL_CONVERSION = YES;
				CLANG_WARN_OBJC_ROOT_CLASS = YES_ERROR;
				CLANG_WARN_QUOTED_INCLUDE_IN_FRAMEWORK_HEADER = YES;
				CLANG_WARN_RANGE_LOOP_ANALYSIS = YES;
				CLANG_WARN_STRICT_PROTOTYPES = YES;
				CLANG_WARN_SUSPICIOUS_MOVE = YES;
				CLANG_WARN_UNGUARDED_AVAILABILITY = YES_AGGRESSIVE;
				CLANG_WARN_UNREACHABLE_CODE = YES;
				CLANG_WARN__DUPLICATE_METHOD_MATCH = YES;
				COPY_PHASE_STRIP = NO;
				DEBUG_INFORMATION_FORMAT = "dwarf-with-dsym";
				ENABLE_NS_ASSERTIONS = NO;
				ENABLE_STRICT_OBJC_MSGSEND = YES;
				ENABLE_USER_SCRIPT_SANDBOXING = YES;
				GCC_C_LANGUAGE_STANDARD = gnu17;
				GCC_NO_COMMON_BLOCKS = YES;
				GCC_WARN_64_TO_32_BIT_CONVERSION = YES;
				GCC_WARN_ABOUT_RETURN_TYPE = YES_ERROR;
				GCC_WARN_UNDECLARED_SELECTOR = YES;
				GCC_WARN_UNINITIALIZED_AUTOS = YES_AGGRESSIVE;
				GCC_WARN_UNUSED_FUNCTION = YES;
				GCC_WARN_UNUSED_VARIABLE = YES;
				IPHONEOS_DEPLOYMENT_TARGET = 18.0;
				LOCALIZATION_PREFERS_STRING_CATALOGS = YES;
				MTL_ENABLE_DEBUG_INFO = NO;
				MTL_FAST_MATH = YES;
				SDKROOT = iphoneos;
				SWIFT_COMPILATION_MODE = wholemodule;
				VALIDATE_PRODUCT = YES;
			};
			name = Release;
		};
		D60B73AA2CB1019D00477372 /* Debug */ = {
			isa = XCBuildConfiguration;
			buildSettings = {
				BUNDLE_LOADER = "$(TEST_HOST)";
				CODE_SIGN_STYLE = Automatic;
				CURRENT_PROJECT_VERSION = 1;
				GENERATE_INFOPLIST_FILE = YES;
				IPHONEOS_DEPLOYMENT_TARGET = 18.0;
				MARKETING_VERSION = 1.0;
				PRODUCT_BUNDLE_IDENTIFIER = "com.joho2022.-5-SeminarTests";
				PRODUCT_NAME = "$(TARGET_NAME)";
				SWIFT_EMIT_LOC_STRINGS = NO;
				SWIFT_VERSION = 5.0;
				TARGETED_DEVICE_FAMILY = "1,2";
				TEST_HOST = "$(BUILT_PRODUCTS_DIR)/35-Seminar.app/$(BUNDLE_EXECUTABLE_FOLDER_PATH)/35-Seminar";
			};
			name = Debug;
		};
		D60B73AB2CB1019D00477372 /* Release */ = {
			isa = XCBuildConfiguration;
			buildSettings = {
				BUNDLE_LOADER = "$(TEST_HOST)";
				CODE_SIGN_STYLE = Automatic;
				CURRENT_PROJECT_VERSION = 1;
				GENERATE_INFOPLIST_FILE = YES;
				IPHONEOS_DEPLOYMENT_TARGET = 18.0;
				MARKETING_VERSION = 1.0;
				PRODUCT_BUNDLE_IDENTIFIER = "com.joho2022.-5-SeminarTests";
				PRODUCT_NAME = "$(TARGET_NAME)";
				SWIFT_EMIT_LOC_STRINGS = NO;
				SWIFT_VERSION = 5.0;
				TARGETED_DEVICE_FAMILY = "1,2";
				TEST_HOST = "$(BUILT_PRODUCTS_DIR)/35-Seminar.app/$(BUNDLE_EXECUTABLE_FOLDER_PATH)/35-Seminar";
			};
			name = Release;
		};
		D60B73AD2CB1019D00477372 /* Debug */ = {
			isa = XCBuildConfiguration;
			buildSettings = {
				CODE_SIGN_STYLE = Automatic;
				CURRENT_PROJECT_VERSION = 1;
				GENERATE_INFOPLIST_FILE = YES;
				MARKETING_VERSION = 1.0;
				PRODUCT_BUNDLE_IDENTIFIER = "com.joho2022.-5-SeminarUITests";
				PRODUCT_NAME = "$(TARGET_NAME)";
				SWIFT_EMIT_LOC_STRINGS = NO;
				SWIFT_VERSION = 5.0;
				TARGETED_DEVICE_FAMILY = "1,2";
				TEST_TARGET_NAME = "35-Seminar";
			};
			name = Debug;
		};
		D60B73AE2CB1019D00477372 /* Release */ = {
			isa = XCBuildConfiguration;
			buildSettings = {
				CODE_SIGN_STYLE = Automatic;
				CURRENT_PROJECT_VERSION = 1;
				GENERATE_INFOPLIST_FILE = YES;
				MARKETING_VERSION = 1.0;
				PRODUCT_BUNDLE_IDENTIFIER = "com.joho2022.-5-SeminarUITests";
				PRODUCT_NAME = "$(TARGET_NAME)";
				SWIFT_EMIT_LOC_STRINGS = NO;
				SWIFT_VERSION = 5.0;
				TARGETED_DEVICE_FAMILY = "1,2";
				TEST_TARGET_NAME = "35-Seminar";
			};
			name = Release;
		};
/* End XCBuildConfiguration section */

/* Begin XCConfigurationList section */
		D60B73762CB1019C00477372 /* Build configuration list for PBXProject "35-Seminar" */ = {
			isa = XCConfigurationList;
			buildConfigurations = (
				D60B73A72CB1019D00477372 /* Debug */,
				D60B73A82CB1019D00477372 /* Release */,
			);
			defaultConfigurationIsVisible = 0;
			defaultConfigurationName = Release;
		};
		D60B73A42CB1019D00477372 /* Build configuration list for PBXNativeTarget "35-Seminar" */ = {
			isa = XCConfigurationList;
			buildConfigurations = (
				D60B73A52CB1019D00477372 /* Debug */,
				D60B73A62CB1019D00477372 /* Release */,
			);
			defaultConfigurationIsVisible = 0;
			defaultConfigurationName = Release;
		};
		D60B73A92CB1019D00477372 /* Build configuration list for PBXNativeTarget "35-SeminarTests" */ = {
			isa = XCConfigurationList;
			buildConfigurations = (
				D60B73AA2CB1019D00477372 /* Debug */,
				D60B73AB2CB1019D00477372 /* Release */,
			);
			defaultConfigurationIsVisible = 0;
			defaultConfigurationName = Release;
		};
		D60B73AC2CB1019D00477372 /* Build configuration list for PBXNativeTarget "35-SeminarUITests" */ = {
			isa = XCConfigurationList;
			buildConfigurations = (
				D60B73AD2CB1019D00477372 /* Debug */,
				D60B73AE2CB1019D00477372 /* Release */,
			);
			defaultConfigurationIsVisible = 0;
			defaultConfigurationName = Release;
		};
/* End XCConfigurationList section */

/* Begin XCRemoteSwiftPackageReference section */
		D62C4DC72CBA451000394B45 /* XCRemoteSwiftPackageReference "SnapKit" */ = {
			isa = XCRemoteSwiftPackageReference;
			repositoryURL = "https://github.com/SnapKit/SnapKit.git";
			requirement = {
				kind = upToNextMajorVersion;
				minimumVersion = 5.7.1;
			};
		};
/* End XCRemoteSwiftPackageReference section */

/* Begin XCSwiftPackageProductDependency section */
		D62C4DC82CBA451000394B45 /* SnapKit */ = {
			isa = XCSwiftPackageProductDependency;
			package = D62C4DC72CBA451000394B45 /* XCRemoteSwiftPackageReference "SnapKit" */;
			productName = SnapKit;
		};
/* End XCSwiftPackageProductDependency section */
	};
	rootObject = D60B73732CB1019C00477372 /* Project object */;
}
